<?xml version="1.0" encoding="utf-8"?>
<Project ToolsVersion="4.0" xmlns="http://schemas.microsoft.com/developer/msbuild/2003">
  <ItemGroup>
    <ClCompile Include="Camera.cpp" />
    <ClCompile Include="Combat.cpp" />
    <ClCompile Include="Controller.cpp" />
    <ClCompile Include="Component.cpp" />
    <ClCompile Include="DamageComponent.cpp" />
    <ClCompile Include="DamagingObject.cpp" />
    <ClCompile Include="Game.cpp" />
    <ClCompile Include="Global.cpp" />
    <ClCompile Include="HealthComponent.cpp" />
    <ClCompile Include="ImGui\imgui.cpp" />
    <ClCompile Include="ImGui\imgui_demo.cpp" />
    <ClCompile Include="ImGui\imgui_draw.cpp" />
    <ClCompile Include="ImGui\imgui_widgets.cpp" />
    <ClCompile Include="imgui_imple_opengl3.cpp" />
    <ClCompile Include="imgui_impl_glfw.cpp" />
    <ClCompile Include="Light.cpp" />
    <ClCompile Include="Mesh.cpp" />
    <ClCompile Include="Model.cpp" />
    <ClCompile Include="Object.cpp" />
    <ClCompile Include="pch.cpp" />
    <ClCompile Include="Renderer.cpp" />
    <ClCompile Include="Shader.cpp" />
    <ClCompile Include="TeslaGamesEngine.cpp" />
    <ClCompile Include="Texture.cpp" />
    <ClCompile Include="Transform.cpp" />
    <ClCompile Include="Window.cpp" />
    <ClCompile Include="Vehicle.cpp" />
    <ClCompile Include="PhysicsEngine.cpp" />
    <ClCompile Include="AudioBoomBox.cpp" />
    <ClCompile Include="audioEngine.cpp" />
    <ClCompile Include="PhysicsObject.cpp" />
    <ClCompile Include="PhysX\vehicle4W\snippetvehicle4w\SnippetVehicle4W.cpp" />
    <ClCompile Include="PhysX\vehicle4W\snippetvehicle4w\SnippetVehicle4WRender.cpp" />
    <ClCompile Include="PhysX\vehicle4W\snippetvehiclecommon\SnippetVehicle4WCreate.cpp" />
    <ClCompile Include="PhysX\vehicle4W\snippetvehiclecommon\SnippetVehicleCreate.cpp" />
    <ClCompile Include="PhysX\vehicle4W\snippetvehiclecommon\SnippetVehicleFilterShader.cpp" />
    <ClCompile Include="PhysX\vehicle4W\snippetvehiclecommon\SnippetVehicleNoDriveCreate.cpp" />
    <ClCompile Include="PhysX\vehicle4W\snippetvehiclecommon\SnippetVehicleSceneQuery.cpp" />
    <ClCompile Include="PhysX\vehicle4W\snippetvehiclecommon\SnippetVehicleTankCreate.cpp" />
    <ClCompile Include="PhysX\vehicle4W\snippetvehiclecommon\SnippetVehicleTireFriction.cpp" />
    <ClCompile Include="DirectionalLight.cpp" />
    <ClCompile Include="Material.cpp" />
    <ClCompile Include="PointLight.cpp" />
    <ClCompile Include="SpotLight.cpp" />
    <ClCompile Include="ShootComp.cpp" />
    <ClCompile Include="Turret.cpp" />
    <ClCompile Include="HUD.cpp" />
    <ClCompile Include="Shadow.cpp" />
    <ClCompile Include="HUDcreator.cpp" />
    <ClCompile Include="Caltrops.cpp" />
    <ClCompile Include="Bullet.cpp" />
    <ClCompile Include="ColliderCallback.cpp" />
    <ClCompile Include="PickupBox.cpp" />
    <ClCompile Include="LapMarker.cpp" />
  </ItemGroup>
  <ItemGroup>
    <ClInclude Include="Camera.h" />
    <ClInclude Include="Combat.h" />
    <ClInclude Include="Controller.h" />
    <ClInclude Include="Component.h" />
    <ClInclude Include="DamageComponent.h" />
    <ClInclude Include="DamagingObject.h" />
    <ClInclude Include="Game.h" />
    <ClInclude Include="Global.h" />
    <ClInclude Include="HealthComponent.h" />
    <ClInclude Include="ImGui\imconfig.h" />
    <ClInclude Include="ImGui\imgui.h" />
    <ClInclude Include="ImGui\imgui_internal.h" />
    <ClInclude Include="ImGui\imstb_rectpack.h" />
    <ClInclude Include="ImGui\imstb_textedit.h" />
    <ClInclude Include="ImGui\imstb_truetype.h" />
    <ClInclude Include="imgui_impl_glfw.h" />
    <ClInclude Include="imgui_impl_opengl3.h" />
    <ClInclude Include="Light.h" />
    <ClInclude Include="Mesh.h" />
    <ClInclude Include="Model.h" />
    <ClInclude Include="Object.h" />
    <ClInclude Include="pch.h" />
    <ClInclude Include="Renderer.h" />
    <ClInclude Include="resource.h" />
    <ClInclude Include="Shader.h" />
    <ClInclude Include="Texture.h" />
    <ClInclude Include="Transform.h" />
    <ClInclude Include="Window.h" />
    <ClInclude Include="Vehicle.h" />
    <ClInclude Include="PhysicsEngine.h" />
    <ClInclude Include="AudioBoomBox.h" />
    <ClInclude Include="audioEngine.h" />
    <ClInclude Include="PhysicsObject.h" />
    <ClInclude Include="PhysX\vehicle4W\snippetvehiclecommon\SnippetVehicleConcurrency.h" />
    <ClInclude Include="PhysX\vehicle4W\snippetvehiclecommon\SnippetVehicleCreate.h" />
    <ClInclude Include="PhysX\vehicle4W\snippetvehiclecommon\SnippetVehicleFilterShader.h" />
    <ClInclude Include="PhysX\vehicle4W\snippetvehiclecommon\SnippetVehicleSceneQuery.h" />
    <ClInclude Include="PhysX\vehicle4W\snippetvehiclecommon\SnippetVehicleTireFriction.h" />
    <ClInclude Include="PhysX\vehicle4W\snippetvehiclecommon\SnippetVehicleWheelQueryResult.h" />
    <ClInclude Include="DirectionalLight.h" />
    <ClInclude Include="Material.h" />
    <ClInclude Include="PointLight.h" />
    <ClInclude Include="SpotLight.h" />
    <ClInclude Include="ShootComp.h" />
    <ClInclude Include="Turret.h" />
    <ClInclude Include="HUD.h" />
    <ClInclude Include="HUDcreator.h" />
    <ClInclude Include="Shadow.h" />
    <ClInclude Include="Caltrops.h" />
    <ClInclude Include="Bullet.h" />
    <ClInclude Include="ColliderCallback.h" />
    <ClInclude Include="resource1.h" />
    <ClInclude Include="PickupBox.h" />
    <ClInclude Include="LapMarker.h" />
  </ItemGroup>
  <ItemGroup>
    <ResourceCompile Include="TeslaGamesEngine1.rc" />
  </ItemGroup>
</Project>